
Microsoft Visual Studio Solution File, Format Version 12.00
# Visual Studio 15
VisualStudioVersion = 15.0.27703.2047
MinimumVisualStudioVersion = 10.0.40219.1
Project("{FAE04EC0-301F-11D3-BF4B-00C04F79EFBC}") = "GitTest2", "GitTest2\GitTest2.csproj", "{EB19413E-AB13-4B5D-87CA-13E46A73742C}"
EndProject
Global
	GlobalSection(SolutionConfigurationPlatforms) = preSolution
		Debug|Any CPU = Debug|Any CPU
		Release|Any CPU = Release|Any CPU
	EndGlobalSection
	GlobalSection(ProjectConfigurationPlatforms) = postSolution
		{EB19413E-AB13-4B5D-87CA-13E46A73742C}.Debug|Any CPU.ActiveCfg = Debug|Any CPU
		{EB19413E-AB13-4B5D-87CA-13E46A73742C}.Debug|Any CPU.Build.0 = Debug|Any CPU
		{EB19413E-AB13-4B5D-87CA-13E46A73742C}.Release|Any CPU.ActiveCfg = Release|Any CPU
		{EB19413E-AB13-4B5D-87CA-13E46A73742C}.Release|Any CPU.Build.0 = Release|Any CPU
	EndGlobalSection
	GlobalSection(SolutionProperties) = preSolution
		HideSolutionNode = FALSE
	EndGlobalSection
	GlobalSection(ExtensibilityGlobals) = postSolution
		SolutionGuid = {E586F269-C849-41AC-BE0E-B3CC4E0AB468}
	EndGlobalSection
EndGlobal
